// !$*UTF8*$!
{
	archiveVersion = 1;
	classes = {
	};
	objectVersion = 55;
	objects = {

/* Begin PBXBuildFile section */
		3B95EAC64E014BFFE511283E /* Pods_opgg.framework in Frameworks */ = {isa = PBXBuildFile; fileRef = 67C21BB2AE6ECE0AEFE9D3ED /* Pods_opgg.framework */; };
		E02970DF28A53265006E45CA /* AppDelegate.swift in Sources */ = {isa = PBXBuildFile; fileRef = E02970DE28A53265006E45CA /* AppDelegate.swift */; };
		E02970E828A53266006E45CA /* Assets.xcassets in Resources */ = {isa = PBXBuildFile; fileRef = E02970E728A53266006E45CA /* Assets.xcassets */; };
		E02970F828A5353A006E45CA /* RootWindow.swift in Sources */ = {isa = PBXBuildFile; fileRef = E02970F728A5353A006E45CA /* RootWindow.swift */; };
		E02970FB28A53673006E45CA /* MainViewController.swift in Sources */ = {isa = PBXBuildFile; fileRef = E02970FA28A53673006E45CA /* MainViewController.swift */; };
		E02970FF28A536C6006E45CA /* MVVM.swift in Sources */ = {isa = PBXBuildFile; fileRef = E02970FE28A536C6006E45CA /* MVVM.swift */; };
		E029710128A536D5006E45CA /* BaseViewController.swift in Sources */ = {isa = PBXBuildFile; fileRef = E029710028A536D5006E45CA /* BaseViewController.swift */; };
		E029710328A536E4006E45CA /* BaseView.swift in Sources */ = {isa = PBXBuildFile; fileRef = E029710228A536E4006E45CA /* BaseView.swift */; };
		E029710628A53700006E45CA /* Log.swift in Sources */ = {isa = PBXBuildFile; fileRef = E029710528A53700006E45CA /* Log.swift */; };
		E029710828A53A09006E45CA /* MainViewModel.swift in Sources */ = {isa = PBXBuildFile; fileRef = E029710728A53A09006E45CA /* MainViewModel.swift */; };
		E029710B28A53D17006E45CA /* BaseTarget.swift in Sources */ = {isa = PBXBuildFile; fileRef = E029710A28A53D17006E45CA /* BaseTarget.swift */; };
		E029710E28A53D98006E45CA /* Response.swift in Sources */ = {isa = PBXBuildFile; fileRef = E029710D28A53D98006E45CA /* Response.swift */; };
		E029711028A53E0E006E45CA /* Response+Reactive.swift in Sources */ = {isa = PBXBuildFile; fileRef = E029710F28A53E0E006E45CA /* Response+Reactive.swift */; };
		E029711228A53E3E006E45CA /* APIError.swift in Sources */ = {isa = PBXBuildFile; fileRef = E029711128A53E3E006E45CA /* APIError.swift */; };
		E029711528A53FD5006E45CA /* NetworkRepository.swift in Sources */ = {isa = PBXBuildFile; fileRef = E029711428A53FD5006E45CA /* NetworkRepository.swift */; };
		E029711728A54085006E45CA /* Provider.swift in Sources */ = {isa = PBXBuildFile; fileRef = E029711628A54085006E45CA /* Provider.swift */; };
		E029711928A541BA006E45CA /* Inject.swift in Sources */ = {isa = PBXBuildFile; fileRef = E029711828A541BA006E45CA /* Inject.swift */; };
		E029711B28A541CA006E45CA /* Container.swift in Sources */ = {isa = PBXBuildFile; fileRef = E029711A28A541CA006E45CA /* Container.swift */; };
		E029711F28A54200006E45CA /* OpggRepository.swift in Sources */ = {isa = PBXBuildFile; fileRef = E029711E28A54200006E45CA /* OpggRepository.swift */; };
		E029712128A54208006E45CA /* OpggRepositoryImpl.swift in Sources */ = {isa = PBXBuildFile; fileRef = E029712028A54208006E45CA /* OpggRepositoryImpl.swift */; };
		E029712328A54268006E45CA /* OpggTarget.swift in Sources */ = {isa = PBXBuildFile; fileRef = E029712228A54268006E45CA /* OpggTarget.swift */; };
		E029712628A54454006E45CA /* Summoner.swift in Sources */ = {isa = PBXBuildFile; fileRef = E029712528A54454006E45CA /* Summoner.swift */; };
		E029712928A544CD006E45CA /* Result+Extension.swift in Sources */ = {isa = PBXBuildFile; fileRef = E029712828A544CD006E45CA /* Result+Extension.swift */; };
		E029712B28A54992006E45CA /* Matches.swift in Sources */ = {isa = PBXBuildFile; fileRef = E029712A28A54992006E45CA /* Matches.swift */; };
		E029712D28A54EDB006E45CA /* UIColor+Extension.swift in Sources */ = {isa = PBXBuildFile; fileRef = E029712C28A54EDB006E45CA /* UIColor+Extension.swift */; };
		E029713128A5509A006E45CA /* TopView.swift in Sources */ = {isa = PBXBuildFile; fileRef = E029713028A5509A006E45CA /* TopView.swift */; };
		E029713328A550A2006E45CA /* TopViewModel.swift in Sources */ = {isa = PBXBuildFile; fileRef = E029713228A550A1006E45CA /* TopViewModel.swift */; };
		E029713628A55105006E45CA /* LeaguesView.swift in Sources */ = {isa = PBXBuildFile; fileRef = E029713528A55105006E45CA /* LeaguesView.swift */; };
		E029713828A5510D006E45CA /* LeaguesViewModel.swift in Sources */ = {isa = PBXBuildFile; fileRef = E029713728A5510D006E45CA /* LeaguesViewModel.swift */; };
		E029713B28A55197006E45CA /* SummaryView.swift in Sources */ = {isa = PBXBuildFile; fileRef = E029713A28A55197006E45CA /* SummaryView.swift */; };
		E029713D28A5519E006E45CA /* SummaryViewModel.swift in Sources */ = {isa = PBXBuildFile; fileRef = E029713C28A5519E006E45CA /* SummaryViewModel.swift */; };
		E029713F28A555D5006E45CA /* UIFont+Extension.swift in Sources */ = {isa = PBXBuildFile; fileRef = E029713E28A555D5006E45CA /* UIFont+Extension.swift */; };
		E029714228A558CA006E45CA /* PaddingLabel.swift in Sources */ = {isa = PBXBuildFile; fileRef = E029714128A558CA006E45CA /* PaddingLabel.swift */; };
		E029714428A55D72006E45CA /* UIImageView+Extension.swift in Sources */ = {isa = PBXBuildFile; fileRef = E029714328A55D72006E45CA /* UIImageView+Extension.swift */; };
		E029715228A56573006E45CA /* LeagueCellView.swift in Sources */ = {isa = PBXBuildFile; fileRef = E029715128A56573006E45CA /* LeagueCellView.swift */; };
		E029715428A5C8FD006E45CA /* LeagueCellViewModel.swift in Sources */ = {isa = PBXBuildFile; fileRef = E029715328A5C8FD006E45CA /* LeagueCellViewModel.swift */; };
		E029715628A5CA8A006E45CA /* UIStackView+Extension.swift in Sources */ = {isa = PBXBuildFile; fileRef = E029715528A5CA8A006E45CA /* UIStackView+Extension.swift */; };
		E029715828A5CADF006E45CA /* LeaguesScrollView.swift in Sources */ = {isa = PBXBuildFile; fileRef = E029715728A5CADF006E45CA /* LeaguesScrollView.swift */; };
		E029715B28A5D813006E45CA /* NSAttributedString+Extension.swift in Sources */ = {isa = PBXBuildFile; fileRef = E029715A28A5D813006E45CA /* NSAttributedString+Extension.swift */; };
		E029715D28A5DACF006E45CA /* Int+Extension.swift in Sources */ = {isa = PBXBuildFile; fileRef = E029715C28A5DACF006E45CA /* Int+Extension.swift */; };
		E029716128A62E39006E45CA /* MatchView.swift in Sources */ = {isa = PBXBuildFile; fileRef = E029716028A62E39006E45CA /* MatchView.swift */; };
		E029716728A62E5B006E45CA /* MostView.swift in Sources */ = {isa = PBXBuildFile; fileRef = E029716628A62E5B006E45CA /* MostView.swift */; };
		E029716928A62E62006E45CA /* PositionView.swift in Sources */ = {isa = PBXBuildFile; fileRef = E029716828A62E62006E45CA /* PositionView.swift */; };
		E029716B28A62E79006E45CA /* PositionViewModel.swift in Sources */ = {isa = PBXBuildFile; fileRef = E029716A28A62E79006E45CA /* PositionViewModel.swift */; };
		E029716D28A62E80006E45CA /* MostViewModel.swift in Sources */ = {isa = PBXBuildFile; fileRef = E029716C28A62E80006E45CA /* MostViewModel.swift */; };
		E029717128A63912006E45CA /* MatchViewModel.swift in Sources */ = {isa = PBXBuildFile; fileRef = E029717028A63912006E45CA /* MatchViewModel.swift */; };
		E029717328A6425C006E45CA /* MatchRecord.swift in Sources */ = {isa = PBXBuildFile; fileRef = E029717228A6425C006E45CA /* MatchRecord.swift */; };
		E029717A28A69CB1006E45CA /* MostChampionView.swift in Sources */ = {isa = PBXBuildFile; fileRef = E029717928A69CB1006E45CA /* MostChampionView.swift */; };
		E029717C28A69CB9006E45CA /* MostChampionViewModel.swift in Sources */ = {isa = PBXBuildFile; fileRef = E029717B28A69CB9006E45CA /* MostChampionViewModel.swift */; };
		E05A9E6D28A6BD0A00A4A012 /* GamesView.swift in Sources */ = {isa = PBXBuildFile; fileRef = E05A9E6C28A6BD0A00A4A012 /* GamesView.swift */; };
		E05A9E6F28A6BD1500A4A012 /* GamesViewModel.swift in Sources */ = {isa = PBXBuildFile; fileRef = E05A9E6E28A6BD1500A4A012 /* GamesViewModel.swift */; };
		E05A9E7128A6BDE800A4A012 /* IntrinsicTableView.swift in Sources */ = {isa = PBXBuildFile; fileRef = E05A9E7028A6BDE800A4A012 /* IntrinsicTableView.swift */; };
		E05A9E7428A6BE4200A4A012 /* GamesTableViewCell.swift in Sources */ = {isa = PBXBuildFile; fileRef = E05A9E7328A6BE4200A4A012 /* GamesTableViewCell.swift */; };
		E05A9E7628A6BE4A00A4A012 /* GamesTableViewCellModel.swift in Sources */ = {isa = PBXBuildFile; fileRef = E05A9E7528A6BE4A00A4A012 /* GamesTableViewCellModel.swift */; };
		E05A9E7828A6BE6B00A4A012 /* BaseTableViewCell.swift in Sources */ = {isa = PBXBuildFile; fileRef = E05A9E7728A6BE6B00A4A012 /* BaseTableViewCell.swift */; };
		E05A9E7A28A6C3C900A4A012 /* GamesTableDataSource.swift in Sources */ = {isa = PBXBuildFile; fileRef = E05A9E7928A6C3C900A4A012 /* GamesTableDataSource.swift */; };
		E05A9E7E28A7DD5B00A4A012 /* GameSummonerView.swift in Sources */ = {isa = PBXBuildFile; fileRef = E05A9E7D28A7DD5B00A4A012 /* GameSummonerView.swift */; };
		E05A9E8028A7DECA00A4A012 /* GameItemsView.swift in Sources */ = {isa = PBXBuildFile; fileRef = E05A9E7F28A7DECA00A4A012 /* GameItemsView.swift */; };
		E05A9E8228A7E35200A4A012 /* UIImage+Extension.swift in Sources */ = {isa = PBXBuildFile; fileRef = E05A9E8128A7E35100A4A012 /* UIImage+Extension.swift */; };
		E0C51F3328A6A8A00087CA18 /* KDA.swift in Sources */ = {isa = PBXBuildFile; fileRef = E0C51F3228A6A8A00087CA18 /* KDA.swift */; };
		E0C51F3628A6B0460087CA18 /* PositionItemView.swift in Sources */ = {isa = PBXBuildFile; fileRef = E0C51F3528A6B0460087CA18 /* PositionItemView.swift */; };
		E0C51F3828A6B04F0087CA18 /* PositionItemViewModel.swift in Sources */ = {isa = PBXBuildFile; fileRef = E0C51F3728A6B04F0087CA18 /* PositionItemViewModel.swift */; };
		E0C51F3B28A6B60F0087CA18 /* Localizable.strings in Resources */ = {isa = PBXBuildFile; fileRef = E0C51F3D28A6B60F0087CA18 /* Localizable.strings */; };
		E0C51F4028A6B6420087CA18 /* String+Extension.swift in Sources */ = {isa = PBXBuildFile; fileRef = E0C51F3F28A6B6420087CA18 /* String+Extension.swift */; };
/* End PBXBuildFile section */

/* Begin PBXFileReference section */
		67C21BB2AE6ECE0AEFE9D3ED /* Pods_opgg.framework */ = {isa = PBXFileReference; explicitFileType = wrapper.framework; includeInIndex = 0; path = Pods_opgg.framework; sourceTree = BUILT_PRODUCTS_DIR; };
		7D7D8F0ABBC4B103FE623AB8 /* Pods-opgg.release.xcconfig */ = {isa = PBXFileReference; includeInIndex = 1; lastKnownFileType = text.xcconfig; name = "Pods-opgg.release.xcconfig"; path = "Target Support Files/Pods-opgg/Pods-opgg.release.xcconfig"; sourceTree = "<group>"; };
		B232A3C70E31F7D756C87E43 /* Pods-opgg.debug.xcconfig */ = {isa = PBXFileReference; includeInIndex = 1; lastKnownFileType = text.xcconfig; name = "Pods-opgg.debug.xcconfig"; path = "Target Support Files/Pods-opgg/Pods-opgg.debug.xcconfig"; sourceTree = "<group>"; };
		E02970DB28A53265006E45CA /* opgg.app */ = {isa = PBXFileReference; explicitFileType = wrapper.application; includeInIndex = 0; path = opgg.app; sourceTree = BUILT_PRODUCTS_DIR; };
		E02970DE28A53265006E45CA /* AppDelegate.swift */ = {isa = PBXFileReference; lastKnownFileType = sourcecode.swift; path = AppDelegate.swift; sourceTree = "<group>"; };
		E02970E728A53266006E45CA /* Assets.xcassets */ = {isa = PBXFileReference; lastKnownFileType = folder.assetcatalog; path = Assets.xcassets; sourceTree = "<group>"; };
		E02970EC28A53266006E45CA /* Info.plist */ = {isa = PBXFileReference; lastKnownFileType = text.plist.xml; path = Info.plist; sourceTree = "<group>"; };
		E02970F728A5353A006E45CA /* RootWindow.swift */ = {isa = PBXFileReference; lastKnownFileType = sourcecode.swift; path = RootWindow.swift; sourceTree = "<group>"; };
		E02970FA28A53673006E45CA /* MainViewController.swift */ = {isa = PBXFileReference; lastKnownFileType = sourcecode.swift; path = MainViewController.swift; sourceTree = "<group>"; };
		E02970FE28A536C6006E45CA /* MVVM.swift */ = {isa = PBXFileReference; lastKnownFileType = sourcecode.swift; path = MVVM.swift; sourceTree = "<group>"; };
		E029710028A536D5006E45CA /* BaseViewController.swift */ = {isa = PBXFileReference; lastKnownFileType = sourcecode.swift; path = BaseViewController.swift; sourceTree = "<group>"; };
		E029710228A536E4006E45CA /* BaseView.swift */ = {isa = PBXFileReference; lastKnownFileType = sourcecode.swift; path = BaseView.swift; sourceTree = "<group>"; };
		E029710528A53700006E45CA /* Log.swift */ = {isa = PBXFileReference; lastKnownFileType = sourcecode.swift; path = Log.swift; sourceTree = "<group>"; };
		E029710728A53A09006E45CA /* MainViewModel.swift */ = {isa = PBXFileReference; lastKnownFileType = sourcecode.swift; path = MainViewModel.swift; sourceTree = "<group>"; };
		E029710A28A53D17006E45CA /* BaseTarget.swift */ = {isa = PBXFileReference; lastKnownFileType = sourcecode.swift; path = BaseTarget.swift; sourceTree = "<group>"; };
		E029710D28A53D98006E45CA /* Response.swift */ = {isa = PBXFileReference; lastKnownFileType = sourcecode.swift; path = Response.swift; sourceTree = "<group>"; };
		E029710F28A53E0E006E45CA /* Response+Reactive.swift */ = {isa = PBXFileReference; lastKnownFileType = sourcecode.swift; path = "Response+Reactive.swift"; sourceTree = "<group>"; };
		E029711128A53E3E006E45CA /* APIError.swift */ = {isa = PBXFileReference; lastKnownFileType = sourcecode.swift; path = APIError.swift; sourceTree = "<group>"; };
		E029711428A53FD5006E45CA /* NetworkRepository.swift */ = {isa = PBXFileReference; lastKnownFileType = sourcecode.swift; path = NetworkRepository.swift; sourceTree = "<group>"; };
		E029711628A54085006E45CA /* Provider.swift */ = {isa = PBXFileReference; lastKnownFileType = sourcecode.swift; path = Provider.swift; sourceTree = "<group>"; };
		E029711828A541BA006E45CA /* Inject.swift */ = {isa = PBXFileReference; lastKnownFileType = sourcecode.swift; path = Inject.swift; sourceTree = "<group>"; };
		E029711A28A541CA006E45CA /* Container.swift */ = {isa = PBXFileReference; lastKnownFileType = sourcecode.swift; path = Container.swift; sourceTree = "<group>"; };
		E029711E28A54200006E45CA /* OpggRepository.swift */ = {isa = PBXFileReference; lastKnownFileType = sourcecode.swift; path = OpggRepository.swift; sourceTree = "<group>"; };
		E029712028A54208006E45CA /* OpggRepositoryImpl.swift */ = {isa = PBXFileReference; lastKnownFileType = sourcecode.swift; path = OpggRepositoryImpl.swift; sourceTree = "<group>"; };
		E029712228A54268006E45CA /* OpggTarget.swift */ = {isa = PBXFileReference; lastKnownFileType = sourcecode.swift; path = OpggTarget.swift; sourceTree = "<group>"; };
		E029712528A54454006E45CA /* Summoner.swift */ = {isa = PBXFileReference; lastKnownFileType = sourcecode.swift; path = Summoner.swift; sourceTree = "<group>"; };
		E029712828A544CD006E45CA /* Result+Extension.swift */ = {isa = PBXFileReference; lastKnownFileType = sourcecode.swift; path = "Result+Extension.swift"; sourceTree = "<group>"; };
		E029712A28A54992006E45CA /* Matches.swift */ = {isa = PBXFileReference; lastKnownFileType = sourcecode.swift; path = Matches.swift; sourceTree = "<group>"; };
		E029712C28A54EDB006E45CA /* UIColor+Extension.swift */ = {isa = PBXFileReference; lastKnownFileType = sourcecode.swift; path = "UIColor+Extension.swift"; sourceTree = "<group>"; };
		E029713028A5509A006E45CA /* TopView.swift */ = {isa = PBXFileReference; lastKnownFileType = sourcecode.swift; path = TopView.swift; sourceTree = "<group>"; };
		E029713228A550A1006E45CA /* TopViewModel.swift */ = {isa = PBXFileReference; lastKnownFileType = sourcecode.swift; path = TopViewModel.swift; sourceTree = "<group>"; };
		E029713528A55105006E45CA /* LeaguesView.swift */ = {isa = PBXFileReference; lastKnownFileType = sourcecode.swift; path = LeaguesView.swift; sourceTree = "<group>"; };
		E029713728A5510D006E45CA /* LeaguesViewModel.swift */ = {isa = PBXFileReference; lastKnownFileType = sourcecode.swift; path = LeaguesViewModel.swift; sourceTree = "<group>"; };
		E029713A28A55197006E45CA /* SummaryView.swift */ = {isa = PBXFileReference; lastKnownFileType = sourcecode.swift; path = SummaryView.swift; sourceTree = "<group>"; };
		E029713C28A5519E006E45CA /* SummaryViewModel.swift */ = {isa = PBXFileReference; lastKnownFileType = sourcecode.swift; path = SummaryViewModel.swift; sourceTree = "<group>"; };
		E029713E28A555D5006E45CA /* UIFont+Extension.swift */ = {isa = PBXFileReference; lastKnownFileType = sourcecode.swift; path = "UIFont+Extension.swift"; sourceTree = "<group>"; };
		E029714128A558CA006E45CA /* PaddingLabel.swift */ = {isa = PBXFileReference; lastKnownFileType = sourcecode.swift; path = PaddingLabel.swift; sourceTree = "<group>"; };
		E029714328A55D72006E45CA /* UIImageView+Extension.swift */ = {isa = PBXFileReference; lastKnownFileType = sourcecode.swift; path = "UIImageView+Extension.swift"; sourceTree = "<group>"; };
		E029715128A56573006E45CA /* LeagueCellView.swift */ = {isa = PBXFileReference; lastKnownFileType = sourcecode.swift; path = LeagueCellView.swift; sourceTree = "<group>"; };
		E029715328A5C8FD006E45CA /* LeagueCellViewModel.swift */ = {isa = PBXFileReference; lastKnownFileType = sourcecode.swift; path = LeagueCellViewModel.swift; sourceTree = "<group>"; };
		E029715528A5CA8A006E45CA /* UIStackView+Extension.swift */ = {isa = PBXFileReference; lastKnownFileType = sourcecode.swift; path = "UIStackView+Extension.swift"; sourceTree = "<group>"; };
		E029715728A5CADF006E45CA /* LeaguesScrollView.swift */ = {isa = PBXFileReference; lastKnownFileType = sourcecode.swift; path = LeaguesScrollView.swift; sourceTree = "<group>"; };
		E029715A28A5D813006E45CA /* NSAttributedString+Extension.swift */ = {isa = PBXFileReference; lastKnownFileType = sourcecode.swift; path = "NSAttributedString+Extension.swift"; sourceTree = "<group>"; };
		E029715C28A5DACF006E45CA /* Int+Extension.swift */ = {isa = PBXFileReference; lastKnownFileType = sourcecode.swift; path = "Int+Extension.swift"; sourceTree = "<group>"; };
		E029716028A62E39006E45CA /* MatchView.swift */ = {isa = PBXFileReference; lastKnownFileType = sourcecode.swift; path = MatchView.swift; sourceTree = "<group>"; };
		E029716628A62E5B006E45CA /* MostView.swift */ = {isa = PBXFileReference; lastKnownFileType = sourcecode.swift; path = MostView.swift; sourceTree = "<group>"; };
		E029716828A62E62006E45CA /* PositionView.swift */ = {isa = PBXFileReference; lastKnownFileType = sourcecode.swift; path = PositionView.swift; sourceTree = "<group>"; };
		E029716A28A62E79006E45CA /* PositionViewModel.swift */ = {isa = PBXFileReference; lastKnownFileType = sourcecode.swift; path = PositionViewModel.swift; sourceTree = "<group>"; };
		E029716C28A62E80006E45CA /* MostViewModel.swift */ = {isa = PBXFileReference; lastKnownFileType = sourcecode.swift; path = MostViewModel.swift; sourceTree = "<group>"; };
		E029717028A63912006E45CA /* MatchViewModel.swift */ = {isa = PBXFileReference; lastKnownFileType = sourcecode.swift; path = MatchViewModel.swift; sourceTree = "<group>"; };
		E029717228A6425C006E45CA /* MatchRecord.swift */ = {isa = PBXFileReference; lastKnownFileType = sourcecode.swift; path = MatchRecord.swift; sourceTree = "<group>"; };
		E029717928A69CB1006E45CA /* MostChampionView.swift */ = {isa = PBXFileReference; lastKnownFileType = sourcecode.swift; path = MostChampionView.swift; sourceTree = "<group>"; };
		E029717B28A69CB9006E45CA /* MostChampionViewModel.swift */ = {isa = PBXFileReference; lastKnownFileType = sourcecode.swift; path = MostChampionViewModel.swift; sourceTree = "<group>"; };
		E05A9E6C28A6BD0A00A4A012 /* GamesView.swift */ = {isa = PBXFileReference; lastKnownFileType = sourcecode.swift; path = GamesView.swift; sourceTree = "<group>"; };
		E05A9E6E28A6BD1500A4A012 /* GamesViewModel.swift */ = {isa = PBXFileReference; lastKnownFileType = sourcecode.swift; path = GamesViewModel.swift; sourceTree = "<group>"; };
		E05A9E7028A6BDE800A4A012 /* IntrinsicTableView.swift */ = {isa = PBXFileReference; lastKnownFileType = sourcecode.swift; path = IntrinsicTableView.swift; sourceTree = "<group>"; };
		E05A9E7328A6BE4200A4A012 /* GamesTableViewCell.swift */ = {isa = PBXFileReference; lastKnownFileType = sourcecode.swift; path = GamesTableViewCell.swift; sourceTree = "<group>"; };
		E05A9E7528A6BE4A00A4A012 /* GamesTableViewCellModel.swift */ = {isa = PBXFileReference; lastKnownFileType = sourcecode.swift; path = GamesTableViewCellModel.swift; sourceTree = "<group>"; };
		E05A9E7728A6BE6B00A4A012 /* BaseTableViewCell.swift */ = {isa = PBXFileReference; lastKnownFileType = sourcecode.swift; path = BaseTableViewCell.swift; sourceTree = "<group>"; };
		E05A9E7928A6C3C900A4A012 /* GamesTableDataSource.swift */ = {isa = PBXFileReference; lastKnownFileType = sourcecode.swift; path = GamesTableDataSource.swift; sourceTree = "<group>"; };
		E05A9E7D28A7DD5B00A4A012 /* GameSummonerView.swift */ = {isa = PBXFileReference; lastKnownFileType = sourcecode.swift; path = GameSummonerView.swift; sourceTree = "<group>"; };
		E05A9E7F28A7DECA00A4A012 /* GameItemsView.swift */ = {isa = PBXFileReference; lastKnownFileType = sourcecode.swift; path = GameItemsView.swift; sourceTree = "<group>"; };
		E05A9E8128A7E35100A4A012 /* UIImage+Extension.swift */ = {isa = PBXFileReference; lastKnownFileType = sourcecode.swift; path = "UIImage+Extension.swift"; sourceTree = "<group>"; };
		E0C51F3228A6A8A00087CA18 /* KDA.swift */ = {isa = PBXFileReference; lastKnownFileType = sourcecode.swift; path = KDA.swift; sourceTree = "<group>"; };
		E0C51F3528A6B0460087CA18 /* PositionItemView.swift */ = {isa = PBXFileReference; lastKnownFileType = sourcecode.swift; path = PositionItemView.swift; sourceTree = "<group>"; };
		E0C51F3728A6B04F0087CA18 /* PositionItemViewModel.swift */ = {isa = PBXFileReference; lastKnownFileType = sourcecode.swift; path = PositionItemViewModel.swift; sourceTree = "<group>"; };
		E0C51F3C28A6B60F0087CA18 /* en */ = {isa = PBXFileReference; lastKnownFileType = text.plist.strings; name = en; path = en.lproj/Localizable.strings; sourceTree = "<group>"; };
		E0C51F3E28A6B6170087CA18 /* ko */ = {isa = PBXFileReference; lastKnownFileType = text.plist.strings; name = ko; path = ko.lproj/Localizable.strings; sourceTree = "<group>"; };
		E0C51F3F28A6B6420087CA18 /* String+Extension.swift */ = {isa = PBXFileReference; lastKnownFileType = sourcecode.swift; path = "String+Extension.swift"; sourceTree = "<group>"; };
/* End PBXFileReference section */

/* Begin PBXFrameworksBuildPhase section */
		E02970D828A53265006E45CA /* Frameworks */ = {
			isa = PBXFrameworksBuildPhase;
			buildActionMask = 2147483647;
			files = (
				3B95EAC64E014BFFE511283E /* Pods_opgg.framework in Frameworks */,
			);
			runOnlyForDeploymentPostprocessing = 0;
		};
/* End PBXFrameworksBuildPhase section */

/* Begin PBXGroup section */
		200DA92F53A6F9A7E752EF04 /* Frameworks */ = {
			isa = PBXGroup;
			children = (
				67C21BB2AE6ECE0AEFE9D3ED /* Pods_opgg.framework */,
			);
			name = Frameworks;
			sourceTree = "<group>";
		};
		46A08BFC09C0CE5F7869526D /* Pods */ = {
			isa = PBXGroup;
			children = (
				B232A3C70E31F7D756C87E43 /* Pods-opgg.debug.xcconfig */,
				7D7D8F0ABBC4B103FE623AB8 /* Pods-opgg.release.xcconfig */,
			);
			path = Pods;
			sourceTree = "<group>";
		};
		E02970D228A53265006E45CA = {
			isa = PBXGroup;
			children = (
				E02970DD28A53265006E45CA /* opgg */,
				E02970DC28A53265006E45CA /* Products */,
				46A08BFC09C0CE5F7869526D /* Pods */,
				200DA92F53A6F9A7E752EF04 /* Frameworks */,
			);
			sourceTree = "<group>";
		};
		E02970DC28A53265006E45CA /* Products */ = {
			isa = PBXGroup;
			children = (
				E02970DB28A53265006E45CA /* opgg.app */,
			);
			name = Products;
			sourceTree = "<group>";
		};
		E02970DD28A53265006E45CA /* opgg */ = {
			isa = PBXGroup;
			children = (
				E02970F228A53342006E45CA /* Sources */,
				E029712728A544BC006E45CA /* Extension */,
				E029710428A536F7006E45CA /* Common */,
				E02970F428A5334C006E45CA /* Resources */,
				E02970F328A5334A006E45CA /* Configuration */,
			);
			path = opgg;
			sourceTree = "<group>";
		};
		E02970F228A53342006E45CA /* Sources */ = {
			isa = PBXGroup;
			children = (
				E029712428A54443006E45CA /* Model */,
				E029710928A53D07006E45CA /* API */,
				E029711328A53FC7006E45CA /* Repository */,
				E02970F628A53520006E45CA /* Present */,
				E02970DE28A53265006E45CA /* AppDelegate.swift */,
			);
			path = Sources;
			sourceTree = "<group>";
		};
		E02970F328A5334A006E45CA /* Configuration */ = {
			isa = PBXGroup;
			children = (
				E02970EC28A53266006E45CA /* Info.plist */,
			);
			path = Configuration;
			sourceTree = "<group>";
		};
		E02970F428A5334C006E45CA /* Resources */ = {
			isa = PBXGroup;
			children = (
				E02970E728A53266006E45CA /* Assets.xcassets */,
				E0C51F3D28A6B60F0087CA18 /* Localizable.strings */,
			);
			path = Resources;
			sourceTree = "<group>";
		};
		E02970F628A53520006E45CA /* Present */ = {
			isa = PBXGroup;
			children = (
				E029714028A558C4006E45CA /* Common */,
				E02970FD28A536A0006E45CA /* Base */,
				E02970FC28A5369B006E45CA /* MVVM */,
				E02970F928A5366A006E45CA /* Main */,
				E02970F728A5353A006E45CA /* RootWindow.swift */,
			);
			path = Present;
			sourceTree = "<group>";
		};
		E02970F928A5366A006E45CA /* Main */ = {
			isa = PBXGroup;
			children = (
				E029712E28A55035006E45CA /* View */,
				E02970FA28A53673006E45CA /* MainViewController.swift */,
				E029710728A53A09006E45CA /* MainViewModel.swift */,
			);
			path = Main;
			sourceTree = "<group>";
		};
		E02970FC28A5369B006E45CA /* MVVM */ = {
			isa = PBXGroup;
			children = (
				E02970FE28A536C6006E45CA /* MVVM.swift */,
			);
			path = MVVM;
			sourceTree = "<group>";
		};
		E02970FD28A536A0006E45CA /* Base */ = {
			isa = PBXGroup;
			children = (
				E029710028A536D5006E45CA /* BaseViewController.swift */,
				E029710228A536E4006E45CA /* BaseView.swift */,
				E05A9E7728A6BE6B00A4A012 /* BaseTableViewCell.swift */,
			);
			path = Base;
			sourceTree = "<group>";
		};
		E029710428A536F7006E45CA /* Common */ = {
			isa = PBXGroup;
			children = (
				E029710528A53700006E45CA /* Log.swift */,
				E029711828A541BA006E45CA /* Inject.swift */,
				E029711A28A541CA006E45CA /* Container.swift */,
			);
			path = Common;
			sourceTree = "<group>";
		};
		E029710928A53D07006E45CA /* API */ = {
			isa = PBXGroup;
			children = (
				E029710C28A53D8E006E45CA /* Base */,
				E029712228A54268006E45CA /* OpggTarget.swift */,
			);
			path = API;
			sourceTree = "<group>";
		};
		E029710C28A53D8E006E45CA /* Base */ = {
			isa = PBXGroup;
			children = (
				E029710A28A53D17006E45CA /* BaseTarget.swift */,
				E029711128A53E3E006E45CA /* APIError.swift */,
				E029710D28A53D98006E45CA /* Response.swift */,
				E029710F28A53E0E006E45CA /* Response+Reactive.swift */,
				E029711628A54085006E45CA /* Provider.swift */,
			);
			path = Base;
			sourceTree = "<group>";
		};
		E029711328A53FC7006E45CA /* Repository */ = {
			isa = PBXGroup;
			children = (
				E029711D28A541F1006E45CA /* OpggRepository */,
				E029711C28A541E3006E45CA /* Base */,
			);
			path = Repository;
			sourceTree = "<group>";
		};
		E029711C28A541E3006E45CA /* Base */ = {
			isa = PBXGroup;
			children = (
				E029711428A53FD5006E45CA /* NetworkRepository.swift */,
			);
			path = Base;
			sourceTree = "<group>";
		};
		E029711D28A541F1006E45CA /* OpggRepository */ = {
			isa = PBXGroup;
			children = (
				E029711E28A54200006E45CA /* OpggRepository.swift */,
				E029712028A54208006E45CA /* OpggRepositoryImpl.swift */,
			);
			path = OpggRepository;
			sourceTree = "<group>";
		};
		E029712428A54443006E45CA /* Model */ = {
			isa = PBXGroup;
			children = (
				E029712528A54454006E45CA /* Summoner.swift */,
				E029712A28A54992006E45CA /* Matches.swift */,
			);
			path = Model;
			sourceTree = "<group>";
		};
		E029712728A544BC006E45CA /* Extension */ = {
			isa = PBXGroup;
			children = (
				E029712828A544CD006E45CA /* Result+Extension.swift */,
				E029712C28A54EDB006E45CA /* UIColor+Extension.swift */,
				E029713E28A555D5006E45CA /* UIFont+Extension.swift */,
				E029714328A55D72006E45CA /* UIImageView+Extension.swift */,
				E029715528A5CA8A006E45CA /* UIStackView+Extension.swift */,
				E029715A28A5D813006E45CA /* NSAttributedString+Extension.swift */,
				E029715C28A5DACF006E45CA /* Int+Extension.swift */,
				E0C51F3F28A6B6420087CA18 /* String+Extension.swift */,
				E05A9E8128A7E35100A4A012 /* UIImage+Extension.swift */,
			);
			path = Extension;
			sourceTree = "<group>";
		};
		E029712E28A55035006E45CA /* View */ = {
			isa = PBXGroup;
			children = (
				E029712F28A5503D006E45CA /* TopView */,
				E029713428A550F7006E45CA /* Leagues */,
				E029713928A5514C006E45CA /* Summary */,
				E05A9E6B28A6BCE300A4A012 /* Games */,
			);
			path = View;
			sourceTree = "<group>";
		};
		E029712F28A5503D006E45CA /* TopView */ = {
			isa = PBXGroup;
			children = (
				E029713028A5509A006E45CA /* TopView.swift */,
				E029713228A550A1006E45CA /* TopViewModel.swift */,
			);
			path = TopView;
			sourceTree = "<group>";
		};
		E029713428A550F7006E45CA /* Leagues */ = {
			isa = PBXGroup;
			children = (
				E029715028A56568006E45CA /* View */,
				E029713528A55105006E45CA /* LeaguesView.swift */,
				E029713728A5510D006E45CA /* LeaguesViewModel.swift */,
			);
			path = Leagues;
			sourceTree = "<group>";
		};
		E029713928A5514C006E45CA /* Summary */ = {
			isa = PBXGroup;
			children = (
				E029716228A62E3C006E45CA /* View */,
				E029713A28A55197006E45CA /* SummaryView.swift */,
				E029713C28A5519E006E45CA /* SummaryViewModel.swift */,
			);
			path = Summary;
			sourceTree = "<group>";
		};
		E029714028A558C4006E45CA /* Common */ = {
			isa = PBXGroup;
			children = (
				E0C51F3128A6A5DB0087CA18 /* Struct */,
				E029714128A558CA006E45CA /* PaddingLabel.swift */,
				E05A9E7028A6BDE800A4A012 /* IntrinsicTableView.swift */,
			);
			path = Common;
			sourceTree = "<group>";
		};
		E029715028A56568006E45CA /* View */ = {
			isa = PBXGroup;
			children = (
				E029715928A5CFB2006E45CA /* Cell */,
				E029715728A5CADF006E45CA /* LeaguesScrollView.swift */,
			);
			path = View;
			sourceTree = "<group>";
		};
		E029715928A5CFB2006E45CA /* Cell */ = {
			isa = PBXGroup;
			children = (
				E029715128A56573006E45CA /* LeagueCellView.swift */,
				E029715328A5C8FD006E45CA /* LeagueCellViewModel.swift */,
			);
			path = Cell;
			sourceTree = "<group>";
		};
		E029716228A62E3C006E45CA /* View */ = {
			isa = PBXGroup;
			children = (
				E029716328A62E41006E45CA /* MatchView */,
				E029716428A62E4D006E45CA /* MostView */,
				E029716528A62E51006E45CA /* PositionView */,
			);
			path = View;
			sourceTree = "<group>";
		};
		E029716328A62E41006E45CA /* MatchView */ = {
			isa = PBXGroup;
			children = (
				E029716028A62E39006E45CA /* MatchView.swift */,
				E029717028A63912006E45CA /* MatchViewModel.swift */,
			);
			path = MatchView;
			sourceTree = "<group>";
		};
		E029716428A62E4D006E45CA /* MostView */ = {
			isa = PBXGroup;
			children = (
				E029717828A69C9F006E45CA /* View */,
				E029716628A62E5B006E45CA /* MostView.swift */,
				E029716C28A62E80006E45CA /* MostViewModel.swift */,
			);
			path = MostView;
			sourceTree = "<group>";
		};
		E029716528A62E51006E45CA /* PositionView */ = {
			isa = PBXGroup;
			children = (
				E0C51F3428A6B0340087CA18 /* View */,
				E029716828A62E62006E45CA /* PositionView.swift */,
				E029716A28A62E79006E45CA /* PositionViewModel.swift */,
			);
			path = PositionView;
			sourceTree = "<group>";
		};
		E029717828A69C9F006E45CA /* View */ = {
			isa = PBXGroup;
			children = (
				E029717928A69CB1006E45CA /* MostChampionView.swift */,
				E029717B28A69CB9006E45CA /* MostChampionViewModel.swift */,
			);
			path = View;
			sourceTree = "<group>";
		};
		E05A9E6B28A6BCE300A4A012 /* Games */ = {
			isa = PBXGroup;
			children = (
				E05A9E7228A6BE2B00A4A012 /* View */,
				E05A9E6C28A6BD0A00A4A012 /* GamesView.swift */,
				E05A9E6E28A6BD1500A4A012 /* GamesViewModel.swift */,
				E05A9E7928A6C3C900A4A012 /* GamesTableDataSource.swift */,
			);
			path = Games;
			sourceTree = "<group>";
		};
		E05A9E7228A6BE2B00A4A012 /* View */ = {
			isa = PBXGroup;
			children = (
				E05A9E7B28A7707400A4A012 /* Cell */,
			);
			path = View;
			sourceTree = "<group>";
		};
		E05A9E7B28A7707400A4A012 /* Cell */ = {
			isa = PBXGroup;
			children = (
				E05A9E7C28A7DD4800A4A012 /* View */,
				E05A9E7328A6BE4200A4A012 /* GamesTableViewCell.swift */,
				E05A9E7528A6BE4A00A4A012 /* GamesTableViewCellModel.swift */,
			);
			path = Cell;
			sourceTree = "<group>";
		};
		E05A9E7C28A7DD4800A4A012 /* View */ = {
			isa = PBXGroup;
			children = (
				E05A9E7D28A7DD5B00A4A012 /* GameSummonerView.swift */,
				E05A9E7F28A7DECA00A4A012 /* GameItemsView.swift */,
			);
			path = View;
			sourceTree = "<group>";
		};
		E0C51F3128A6A5DB0087CA18 /* Struct */ = {
			isa = PBXGroup;
			children = (
				E029717228A6425C006E45CA /* MatchRecord.swift */,
				E0C51F3228A6A8A00087CA18 /* KDA.swift */,
			);
			path = Struct;
			sourceTree = "<group>";
		};
		E0C51F3428A6B0340087CA18 /* View */ = {
			isa = PBXGroup;
			children = (
				E0C51F3528A6B0460087CA18 /* PositionItemView.swift */,
				E0C51F3728A6B04F0087CA18 /* PositionItemViewModel.swift */,
			);
			path = View;
			sourceTree = "<group>";
		};
/* End PBXGroup section */

/* Begin PBXNativeTarget section */
		E02970DA28A53265006E45CA /* opgg */ = {
			isa = PBXNativeTarget;
			buildConfigurationList = E02970EF28A53266006E45CA /* Build configuration list for PBXNativeTarget "opgg" */;
			buildPhases = (
				7D633CFC9CA2DCAA4850D272 /* [CP] Check Pods Manifest.lock */,
				E02970D728A53265006E45CA /* Sources */,
				E02970D828A53265006E45CA /* Frameworks */,
				E02970D928A53265006E45CA /* Resources */,
				3635B25D7C283BB1AA46AC0C /* [CP] Embed Pods Frameworks */,
				E02970F528A533A7006E45CA /* SwiftLint */,
			);
			buildRules = (
			);
			dependencies = (
			);
			name = opgg;
			productName = opgg;
			productReference = E02970DB28A53265006E45CA /* opgg.app */;
			productType = "com.apple.product-type.application";
		};
/* End PBXNativeTarget section */

/* Begin PBXProject section */
		E02970D328A53265006E45CA /* Project object */ = {
			isa = PBXProject;
			attributes = {
				BuildIndependentTargetsInParallel = 1;
				LastSwiftUpdateCheck = 1330;
				LastUpgradeCheck = 1330;
				TargetAttributes = {
					E02970DA28A53265006E45CA = {
						CreatedOnToolsVersion = 13.3.1;
					};
				};
			};
			buildConfigurationList = E02970D628A53265006E45CA /* Build configuration list for PBXProject "opgg" */;
			compatibilityVersion = "Xcode 13.0";
			developmentRegion = en;
			hasScannedForEncodings = 0;
			knownRegions = (
				en,
				Base,
				ko,
			);
			mainGroup = E02970D228A53265006E45CA;
			productRefGroup = E02970DC28A53265006E45CA /* Products */;
			projectDirPath = "";
			projectRoot = "";
			targets = (
				E02970DA28A53265006E45CA /* opgg */,
			);
		};
/* End PBXProject section */

/* Begin PBXResourcesBuildPhase section */
		E02970D928A53265006E45CA /* Resources */ = {
			isa = PBXResourcesBuildPhase;
			buildActionMask = 2147483647;
			files = (
				E02970E828A53266006E45CA /* Assets.xcassets in Resources */,
				E0C51F3B28A6B60F0087CA18 /* Localizable.strings in Resources */,
			);
			runOnlyForDeploymentPostprocessing = 0;
		};
/* End PBXResourcesBuildPhase section */

/* Begin PBXShellScriptBuildPhase section */
		3635B25D7C283BB1AA46AC0C /* [CP] Embed Pods Frameworks */ = {
			isa = PBXShellScriptBuildPhase;
			buildActionMask = 2147483647;
			files = (
			);
			inputFileListPaths = (
				"${PODS_ROOT}/Target Support Files/Pods-opgg/Pods-opgg-frameworks-${CONFIGURATION}-input-files.xcfilelist",
			);
			name = "[CP] Embed Pods Frameworks";
			outputFileListPaths = (
				"${PODS_ROOT}/Target Support Files/Pods-opgg/Pods-opgg-frameworks-${CONFIGURATION}-output-files.xcfilelist",
			);
			runOnlyForDeploymentPostprocessing = 0;
			shellPath = /bin/sh;
			shellScript = "\"${PODS_ROOT}/Target Support Files/Pods-opgg/Pods-opgg-frameworks.sh\"\n";
			showEnvVarsInLog = 0;
		};
		7D633CFC9CA2DCAA4850D272 /* [CP] Check Pods Manifest.lock */ = {
			isa = PBXShellScriptBuildPhase;
			buildActionMask = 2147483647;
			files = (
			);
			inputFileListPaths = (
			);
			inputPaths = (
				"${PODS_PODFILE_DIR_PATH}/Podfile.lock",
				"${PODS_ROOT}/Manifest.lock",
			);
			name = "[CP] Check Pods Manifest.lock";
			outputFileListPaths = (
			);
			outputPaths = (
				"$(DERIVED_FILE_DIR)/Pods-opgg-checkManifestLockResult.txt",
			);
			runOnlyForDeploymentPostprocessing = 0;
			shellPath = /bin/sh;
			shellScript = "diff \"${PODS_PODFILE_DIR_PATH}/Podfile.lock\" \"${PODS_ROOT}/Manifest.lock\" > /dev/null\nif [ $? != 0 ] ; then\n    # print error to STDERR\n    echo \"error: The sandbox is not in sync with the Podfile.lock. Run 'pod install' or update your CocoaPods installation.\" >&2\n    exit 1\nfi\n# This output is used by Xcode 'outputs' to avoid re-running this script phase.\necho \"SUCCESS\" > \"${SCRIPT_OUTPUT_FILE_0}\"\n";
			showEnvVarsInLog = 0;
		};
		E02970F528A533A7006E45CA /* SwiftLint */ = {
			isa = PBXShellScriptBuildPhase;
			buildActionMask = 2147483647;
			files = (
			);
			inputFileListPaths = (
			);
			inputPaths = (
			);
			name = SwiftLint;
			outputFileListPaths = (
			);
			outputPaths = (
			);
			runOnlyForDeploymentPostprocessing = 0;
			shellPath = /bin/sh;
			shellScript = "\"${PODS_ROOT}/SwiftLint/swiftlint\"\n";
		};
/* End PBXShellScriptBuildPhase section */

/* Begin PBXSourcesBuildPhase section */
		E02970D728A53265006E45CA /* Sources */ = {
			isa = PBXSourcesBuildPhase;
			buildActionMask = 2147483647;
			files = (
				E029710B28A53D17006E45CA /* BaseTarget.swift in Sources */,
				E029713828A5510D006E45CA /* LeaguesViewModel.swift in Sources */,
				E05A9E6D28A6BD0A00A4A012 /* GamesView.swift in Sources */,
				E029711028A53E0E006E45CA /* Response+Reactive.swift in Sources */,
				E029711728A54085006E45CA /* Provider.swift in Sources */,
				E029710128A536D5006E45CA /* BaseViewController.swift in Sources */,
				E029712328A54268006E45CA /* OpggTarget.swift in Sources */,
				E029710628A53700006E45CA /* Log.swift in Sources */,
				E029712928A544CD006E45CA /* Result+Extension.swift in Sources */,
				E029715628A5CA8A006E45CA /* UIStackView+Extension.swift in Sources */,
				E029713B28A55197006E45CA /* SummaryView.swift in Sources */,
				E029716128A62E39006E45CA /* MatchView.swift in Sources */,
				E029711928A541BA006E45CA /* Inject.swift in Sources */,
				E0C51F3328A6A8A00087CA18 /* KDA.swift in Sources */,
				E029716928A62E62006E45CA /* PositionView.swift in Sources */,
				E05A9E8228A7E35200A4A012 /* UIImage+Extension.swift in Sources */,
				E029715828A5CADF006E45CA /* LeaguesScrollView.swift in Sources */,
				E029712628A54454006E45CA /* Summoner.swift in Sources */,
				E029712128A54208006E45CA /* OpggRepositoryImpl.swift in Sources */,
				E02970FB28A53673006E45CA /* MainViewController.swift in Sources */,
				E029716D28A62E80006E45CA /* MostViewModel.swift in Sources */,
				E029711228A53E3E006E45CA /* APIError.swift in Sources */,
				E029717328A6425C006E45CA /* MatchRecord.swift in Sources */,
				E05A9E7828A6BE6B00A4A012 /* BaseTableViewCell.swift in Sources */,
				E029713628A55105006E45CA /* LeaguesView.swift in Sources */,
				E029711528A53FD5006E45CA /* NetworkRepository.swift in Sources */,
				E05A9E7E28A7DD5B00A4A012 /* GameSummonerView.swift in Sources */,
				E029714228A558CA006E45CA /* PaddingLabel.swift in Sources */,
				E029715D28A5DACF006E45CA /* Int+Extension.swift in Sources */,
				E0C51F4028A6B6420087CA18 /* String+Extension.swift in Sources */,
				E05A9E8028A7DECA00A4A012 /* GameItemsView.swift in Sources */,
				E05A9E7128A6BDE800A4A012 /* IntrinsicTableView.swift in Sources */,
				E029710E28A53D98006E45CA /* Response.swift in Sources */,
				E029713D28A5519E006E45CA /* SummaryViewModel.swift in Sources */,
				E029713F28A555D5006E45CA /* UIFont+Extension.swift in Sources */,
				E029715228A56573006E45CA /* LeagueCellView.swift in Sources */,
				E029717A28A69CB1006E45CA /* MostChampionView.swift in Sources */,
				E02970DF28A53265006E45CA /* AppDelegate.swift in Sources */,
				E029710328A536E4006E45CA /* BaseView.swift in Sources */,
				E02970F828A5353A006E45CA /* RootWindow.swift in Sources */,
				E029712D28A54EDB006E45CA /* UIColor+Extension.swift in Sources */,
				E029711B28A541CA006E45CA /* Container.swift in Sources */,
				E05A9E7428A6BE4200A4A012 /* GamesTableViewCell.swift in Sources */,
				E029711F28A54200006E45CA /* OpggRepository.swift in Sources */,
				E029714428A55D72006E45CA /* UIImageView+Extension.swift in Sources */,
				E029716B28A62E79006E45CA /* PositionViewModel.swift in Sources */,
				E02970FF28A536C6006E45CA /* MVVM.swift in Sources */,
				E029717128A63912006E45CA /* MatchViewModel.swift in Sources */,
				E029715428A5C8FD006E45CA /* LeagueCellViewModel.swift in Sources */,
				E05A9E6F28A6BD1500A4A012 /* GamesViewModel.swift in Sources */,
				E0C51F3628A6B0460087CA18 /* PositionItemView.swift in Sources */,
				E029710828A53A09006E45CA /* MainViewModel.swift in Sources */,
				E05A9E7A28A6C3C900A4A012 /* GamesTableDataSource.swift in Sources */,
				E0C51F3828A6B04F0087CA18 /* PositionItemViewModel.swift in Sources */,
				E05A9E7628A6BE4A00A4A012 /* GamesTableViewCellModel.swift in Sources */,
				E029715B28A5D813006E45CA /* NSAttributedString+Extension.swift in Sources */,
				E029713328A550A2006E45CA /* TopViewModel.swift in Sources */,
				E029717C28A69CB9006E45CA /* MostChampionViewModel.swift in Sources */,
				E029713128A5509A006E45CA /* TopView.swift in Sources */,
				E029712B28A54992006E45CA /* Matches.swift in Sources */,
				E029716728A62E5B006E45CA /* MostView.swift in Sources */,
			);
			runOnlyForDeploymentPostprocessing = 0;
		};
/* End PBXSourcesBuildPhase section */

/* Begin PBXVariantGroup section */
		E0C51F3D28A6B60F0087CA18 /* Localizable.strings */ = {
			isa = PBXVariantGroup;
			children = (
				E0C51F3C28A6B60F0087CA18 /* en */,
				E0C51F3E28A6B6170087CA18 /* ko */,
			);
			name = Localizable.strings;
			sourceTree = "<group>";
		};
/* End PBXVariantGroup section */

/* Begin XCBuildConfiguration section */
		E02970ED28A53266006E45CA /* Debug */ = {
			isa = XCBuildConfiguration;
			buildSettings = {
				ALWAYS_SEARCH_USER_PATHS = NO;
				CLANG_ANALYZER_NONNULL = YES;
				CLANG_ANALYZER_NUMBER_OBJECT_CONVERSION = YES_AGGRESSIVE;
				CLANG_CXX_LANGUAGE_STANDARD = "gnu++17";
				CLANG_ENABLE_MODULES = YES;
				CLANG_ENABLE_OBJC_ARC = YES;
				CLANG_ENABLE_OBJC_WEAK = YES;
				CLANG_WARN_BLOCK_CAPTURE_AUTORELEASING = YES;
				CLANG_WARN_BOOL_CONVERSION = YES;
				CLANG_WARN_COMMA = YES;
				CLANG_WARN_CONSTANT_CONVERSION = YES;
				CLANG_WARN_DEPRECATED_OBJC_IMPLEMENTATIONS = YES;
				CLANG_WARN_DIRECT_OBJC_ISA_USAGE = YES_ERROR;
				CLANG_WARN_DOCUMENTATION_COMMENTS = YES;
				CLANG_WARN_EMPTY_BODY = YES;
				CLANG_WARN_ENUM_CONVERSION = YES;
				CLANG_WARN_INFINITE_RECURSION = YES;
				CLANG_WARN_INT_CONVERSION = YES;
				CLANG_WARN_NON_LITERAL_NULL_CONVERSION = YES;
				CLANG_WARN_OBJC_IMPLICIT_RETAIN_SELF = YES;
				CLANG_WARN_OBJC_LITERAL_CONVERSION = YES;
				CLANG_WARN_OBJC_ROOT_CLASS = YES_ERROR;
				CLANG_WARN_QUOTED_INCLUDE_IN_FRAMEWORK_HEADER = YES;
				CLANG_WARN_RANGE_LOOP_ANALYSIS = YES;
				CLANG_WARN_STRICT_PROTOTYPES = YES;
				CLANG_WARN_SUSPICIOUS_MOVE = YES;
				CLANG_WARN_UNGUARDED_AVAILABILITY = YES_AGGRESSIVE;
				CLANG_WARN_UNREACHABLE_CODE = YES;
				CLANG_WARN__DUPLICATE_METHOD_MATCH = YES;
				COPY_PHASE_STRIP = NO;
				DEBUG_INFORMATION_FORMAT = dwarf;
				ENABLE_STRICT_OBJC_MSGSEND = YES;
				ENABLE_TESTABILITY = YES;
				GCC_C_LANGUAGE_STANDARD = gnu11;
				GCC_DYNAMIC_NO_PIC = NO;
				GCC_NO_COMMON_BLOCKS = YES;
				GCC_OPTIMIZATION_LEVEL = 0;
				GCC_PREPROCESSOR_DEFINITIONS = (
					"DEBUG=1",
					"$(inherited)",
				);
				GCC_WARN_64_TO_32_BIT_CONVERSION = YES;
				GCC_WARN_ABOUT_RETURN_TYPE = YES_ERROR;
				GCC_WARN_UNDECLARED_SELECTOR = YES;
				GCC_WARN_UNINITIALIZED_AUTOS = YES_AGGRESSIVE;
				GCC_WARN_UNUSED_FUNCTION = YES;
				GCC_WARN_UNUSED_VARIABLE = YES;
				IPHONEOS_DEPLOYMENT_TARGET = 10.0;
				MTL_ENABLE_DEBUG_INFO = INCLUDE_SOURCE;
				MTL_FAST_MATH = YES;
				ONLY_ACTIVE_ARCH = YES;
				SDKROOT = iphoneos;
				SWIFT_ACTIVE_COMPILATION_CONDITIONS = DEBUG;
				SWIFT_OPTIMIZATION_LEVEL = "-Onone";
			};
			name = Debug;
		};
		E02970EE28A53266006E45CA /* Release */ = {
			isa = XCBuildConfiguration;
			buildSettings = {
				ALWAYS_SEARCH_USER_PATHS = NO;
				CLANG_ANALYZER_NONNULL = YES;
				CLANG_ANALYZER_NUMBER_OBJECT_CONVERSION = YES_AGGRESSIVE;
				CLANG_CXX_LANGUAGE_STANDARD = "gnu++17";
				CLANG_ENABLE_MODULES = YES;
				CLANG_ENABLE_OBJC_ARC = YES;
				CLANG_ENABLE_OBJC_WEAK = YES;
				CLANG_WARN_BLOCK_CAPTURE_AUTORELEASING = YES;
				CLANG_WARN_BOOL_CONVERSION = YES;
				CLANG_WARN_COMMA = YES;
				CLANG_WARN_CONSTANT_CONVERSION = YES;
				CLANG_WARN_DEPRECATED_OBJC_IMPLEMENTATIONS = YES;
				CLANG_WARN_DIRECT_OBJC_ISA_USAGE = YES_ERROR;
				CLANG_WARN_DOCUMENTATION_COMMENTS = YES;
				CLANG_WARN_EMPTY_BODY = YES;
				CLANG_WARN_ENUM_CONVERSION = YES;
				CLANG_WARN_INFINITE_RECURSION = YES;
				CLANG_WARN_INT_CONVERSION = YES;
				CLANG_WARN_NON_LITERAL_NULL_CONVERSION = YES;
				CLANG_WARN_OBJC_IMPLICIT_RETAIN_SELF = YES;
				CLANG_WARN_OBJC_LITERAL_CONVERSION = YES;
				CLANG_WARN_OBJC_ROOT_CLASS = YES_ERROR;
				CLANG_WARN_QUOTED_INCLUDE_IN_FRAMEWORK_HEADER = YES;
				CLANG_WARN_RANGE_LOOP_ANALYSIS = YES;
				CLANG_WARN_STRICT_PROTOTYPES = YES;
				CLANG_WARN_SUSPICIOUS_MOVE = YES;
				CLANG_WARN_UNGUARDED_AVAILABILITY = YES_AGGRESSIVE;
				CLANG_WARN_UNREACHABLE_CODE = YES;
				CLANG_WARN__DUPLICATE_METHOD_MATCH = YES;
				COPY_PHASE_STRIP = NO;
				DEBUG_INFORMATION_FORMAT = "dwarf-with-dsym";
				ENABLE_NS_ASSERTIONS = NO;
				ENABLE_STRICT_OBJC_MSGSEND = YES;
				GCC_C_LANGUAGE_STANDARD = gnu11;
				GCC_NO_COMMON_BLOCKS = YES;
				GCC_WARN_64_TO_32_BIT_CONVERSION = YES;
				GCC_WARN_ABOUT_RETURN_TYPE = YES_ERROR;
				GCC_WARN_UNDECLARED_SELECTOR = YES;
				GCC_WARN_UNINITIALIZED_AUTOS = YES_AGGRESSIVE;
				GCC_WARN_UNUSED_FUNCTION = YES;
				GCC_WARN_UNUSED_VARIABLE = YES;
				IPHONEOS_DEPLOYMENT_TARGET = 10.0;
				MTL_ENABLE_DEBUG_INFO = NO;
				MTL_FAST_MATH = YES;
				SDKROOT = iphoneos;
				SWIFT_COMPILATION_MODE = wholemodule;
				SWIFT_OPTIMIZATION_LEVEL = "-O";
				VALIDATE_PRODUCT = YES;
			};
			name = Release;
		};
		E02970F028A53266006E45CA /* Debug */ = {
			isa = XCBuildConfiguration;
			baseConfigurationReference = B232A3C70E31F7D756C87E43 /* Pods-opgg.debug.xcconfig */;
			buildSettings = {
				ASSETCATALOG_COMPILER_APPICON_NAME = AppIcon;
				ASSETCATALOG_COMPILER_GLOBAL_ACCENT_COLOR_NAME = AccentColor;
				CODE_SIGN_STYLE = Automatic;
				CURRENT_PROJECT_VERSION = 1;
				DEVELOPMENT_TEAM = 4JAAT559ZA;
				GENERATE_INFOPLIST_FILE = YES;
				INFOPLIST_FILE = opgg/Configuration/Info.plist;
				INFOPLIST_KEY_UIApplicationSupportsIndirectInputEvents = YES;
				INFOPLIST_KEY_UILaunchStoryboardName = LaunchScreen;
				INFOPLIST_KEY_UISupportedInterfaceOrientations_iPad = "UIInterfaceOrientationPortrait UIInterfaceOrientationPortraitUpsideDown UIInterfaceOrientationLandscapeLeft UIInterfaceOrientationLandscapeRight";
				INFOPLIST_KEY_UISupportedInterfaceOrientations_iPhone = "UIInterfaceOrientationPortrait UIInterfaceOrientationLandscapeLeft UIInterfaceOrientationLandscapeRight";
				LD_RUNPATH_SEARCH_PATHS = (
					"$(inherited)",
					"@executable_path/Frameworks",
				);
				MARKETING_VERSION = 1.0;
				PRODUCT_BUNDLE_IDENTIFIER = com.shingha.opgg;
				PRODUCT_NAME = "$(TARGET_NAME)";
				SWIFT_EMIT_LOC_STRINGS = YES;
				SWIFT_VERSION = 5.0;
				TARGETED_DEVICE_FAMILY = 1;
			};
			name = Debug;
		};
		E02970F128A53266006E45CA /* Release */ = {
			isa = XCBuildConfiguration;
			baseConfigurationReference = 7D7D8F0ABBC4B103FE623AB8 /* Pods-opgg.release.xcconfig */;
			buildSettings = {
				ASSETCATALOG_COMPILER_APPICON_NAME = AppIcon;
				ASSETCATALOG_COMPILER_GLOBAL_ACCENT_COLOR_NAME = AccentColor;
				CODE_SIGN_STYLE = Automatic;
				CURRENT_PROJECT_VERSION = 1;
				DEVELOPMENT_TEAM = 4JAAT559ZA;
				GENERATE_INFOPLIST_FILE = YES;
				INFOPLIST_FILE = opgg/Configuration/Info.plist;
				INFOPLIST_KEY_UIApplicationSupportsIndirectInputEvents = YES;
				INFOPLIST_KEY_UILaunchStoryboardName = LaunchScreen;
				INFOPLIST_KEY_UISupportedInterfaceOrientations_iPad = "UIInterfaceOrientationPortrait UIInterfaceOrientationPortraitUpsideDown UIInterfaceOrientationLandscapeLeft UIInterfaceOrientationLandscapeRight";
				INFOPLIST_KEY_UISupportedInterfaceOrientations_iPhone = "UIInterfaceOrientationPortrait UIInterfaceOrientationLandscapeLeft UIInterfaceOrientationLandscapeRight";
				LD_RUNPATH_SEARCH_PATHS = (
					"$(inherited)",
					"@executable_path/Frameworks",
				);
				MARKETING_VERSION = 1.0;
				PRODUCT_BUNDLE_IDENTIFIER = com.shingha.opgg;
				PRODUCT_NAME = "$(TARGET_NAME)";
				SWIFT_EMIT_LOC_STRINGS = YES;
				SWIFT_VERSION = 5.0;
				TARGETED_DEVICE_FAMILY = 1;
			};
			name = Release;
		};
/* End XCBuildConfiguration section */

/* Begin XCConfigurationList section */
		E02970D628A53265006E45CA /* Build configuration list for PBXProject "opgg" */ = {
			isa = XCConfigurationList;
			buildConfigurations = (
				E02970ED28A53266006E45CA /* Debug */,
				E02970EE28A53266006E45CA /* Release */,
			);
			defaultConfigurationIsVisible = 0;
			defaultConfigurationName = Release;
		};
		E02970EF28A53266006E45CA /* Build configuration list for PBXNativeTarget "opgg" */ = {
			isa = XCConfigurationList;
			buildConfigurations = (
				E02970F028A53266006E45CA /* Debug */,
				E02970F128A53266006E45CA /* Release */,
			);
			defaultConfigurationIsVisible = 0;
			defaultConfigurationName = Release;
		};
/* End XCConfigurationList section */
	};
	rootObject = E02970D328A53265006E45CA /* Project object */;
}
